
Microsoft Visual Studio Solution File, Format Version 12.00
# Visual Studio Version 16
VisualStudioVersion = 16.0.30907.101
MinimumVisualStudioVersion = 10.0.40219.1
Project("{FAE04EC0-301F-11D3-BF4B-00C04F79EFBC}") = "ConsoleApp2", "ConsoleApp2\ConsoleApp2.csproj", "{7789DF92-373E-4CF9-A834-63490B25D4A5}"
EndProject
Global
	GlobalSection(SolutionConfigurationPlatforms) = preSolution
		Debug|Any CPU = Debug|Any CPU
		Release|Any CPU = Release|Any CPU
	EndGlobalSection
	GlobalSection(ProjectConfigurationPlatforms) = postSolution
		{7789DF92-373E-4CF9-A834-63490B25D4A5}.Debug|Any CPU.ActiveCfg = Debug|Any CPU
		{7789DF92-373E-4CF9-A834-63490B25D4A5}.Debug|Any CPU.Build.0 = Debug|Any CPU
		{7789DF92-373E-4CF9-A834-63490B25D4A5}.Release|Any CPU.ActiveCfg = Release|Any CPU
		{7789DF92-373E-4CF9-A834-63490B25D4A5}.Release|Any CPU.Build.0 = Release|Any CPU
	EndGlobalSection
	GlobalSection(SolutionProperties) = preSolution
		HideSolutionNode = FALSE
	EndGlobalSection
	GlobalSection(ExtensibilityGlobals) = postSolution
		SolutionGuid = {C8E4C4F8-D82A-4672-88F8-964BC983CDF1}
	EndGlobalSection
EndGlobal
